Microsoft Visual Studio Solution File, Format Version 12.00
# Visual Studio 2012
Project("{FAE04EC0-301F-11D3-BF4B-00C04F79EFBC}") = "McHumanInGd", "McHumanInGd.csproj", "{01AB3B0C-6921-428F-98A5-5704901D49B6}"
EndProject
Global
	GlobalSection(SolutionConfigurationPlatforms) = preSolution
	Debug|Any CPU = Debug|Any CPU
	ExportDebug|Any CPU = ExportDebug|Any CPU
	ExportRelease|Any CPU = ExportRelease|Any CPU
	EndGlobalSection
	GlobalSection(ProjectConfigurationPlatforms) = postSolution
		{01AB3B0C-6921-428F-98A5-5704901D49B6}.Debug|Any CPU.ActiveCfg = Debug|Any CPU
		{01AB3B0C-6921-428F-98A5-5704901D49B6}.Debug|Any CPU.Build.0 = Debug|Any CPU
		{01AB3B0C-6921-428F-98A5-5704901D49B6}.ExportDebug|Any CPU.ActiveCfg = ExportDebug|Any CPU
		{01AB3B0C-6921-428F-98A5-5704901D49B6}.ExportDebug|Any CPU.Build.0 = ExportDebug|Any CPU
		{01AB3B0C-6921-428F-98A5-5704901D49B6}.ExportRelease|Any CPU.ActiveCfg = ExportRelease|Any CPU
		{01AB3B0C-6921-428F-98A5-5704901D49B6}.ExportRelease|Any CPU.Build.0 = ExportRelease|Any CPU
	EndGlobalSection
EndGlobal
